
Microsoft Visual Studio Solution File, Format Version 12.00
# Visual Studio Version 17
VisualStudioVersion = 17.14.37314.3 d17.14
MinimumVisualStudioVersion = 10.0.40219.1
Project("{FAE04EC0-301F-11D3-BF4B-00C04F79EFBC}") = "PixelCalculator", "PixelCalculator\PixelCalculator.csproj", "{02A0B49E-2A5E-4E24-BB38-1AA2F17C8BEA}"
EndProject
Global
	GlobalSection(SolutionConfigurationPlatforms) = preSolution
		Debug|Any CPU = Debug|Any CPU
		Release|Any CPU = Release|Any CPU
	EndGlobalSection
	GlobalSection(ProjectConfigurationPlatforms) = postSolution
		{02A0B49E-2A5E-4E24-BB38-1AA2F17C8BEA}.Debug|Any CPU.ActiveCfg = Debug|Any CPU
		{02A0B49E-2A5E-4E24-BB38-1AA2F17C8BEA}.Debug|Any CPU.Build.0 = Debug|Any CPU
		{02A0B49E-2A5E-4E24-BB38-1AA2F17C8BEA}.Release|Any CPU.ActiveCfg = Release|Any CPU
		{02A0B49E-2A5E-4E24-BB38-1AA2F17C8BEA}.Release|Any CPU.Build.0 = Release|Any CPU
	EndGlobalSection
	GlobalSection(SolutionProperties) = preSolution
		HideSolutionNode = FALSE
	EndGlobalSection
	GlobalSection(ExtensibilityGlobals) = postSolution
		SolutionGuid = {8D2262F9-1299-47C3-9249-A083C34914B1}
	EndGlobalSection
EndGlobal
